
Microsoft Visual Studio Solution File, Format Version 12.00
# Visual Studio 15
Project("{FAE04EC0-301F-11D3-BF4B-00C04F79EFBC}") = "Zenject", "Zenject.csproj", "{DA7B0119-4468-D52B-6390-049BDD41E811}"
EndProject
Project("{FAE04EC0-301F-11D3-BF4B-00C04F79EFBC}") = "Assembly-CSharp-firstpass", "Assembly-CSharp-firstpass.csproj", "{B3D4C893-3804-57B2-FBE4-91195DC62CB1}"
EndProject
Project("{FAE04EC0-301F-11D3-BF4B-00C04F79EFBC}") = "Assembly-CSharp", "Assembly-CSharp.csproj", "{421323C0-4753-6601-C7DA-41D69BBA7ED7}"
EndProject
Project("{FAE04EC0-301F-11D3-BF4B-00C04F79EFBC}") = "Zenject-PoolMonitor-Editor", "Zenject-PoolMonitor-Editor.csproj", "{73CB07C0-C39D-3AA5-1B53-7201A524C656}"
EndProject
Project("{FAE04EC0-301F-11D3-BF4B-00C04F79EFBC}") = "Zenject-ReflectionBaking-Editor", "Zenject-ReflectionBaking-Editor.csproj", "{822DFDFB-6E24-062F-F706-379918B683BB}"
EndProject
Project("{FAE04EC0-301F-11D3-BF4B-00C04F79EFBC}") = "Assembly-CSharp-Editor", "Assembly-CSharp-Editor.csproj", "{DC99073F-2C95-D2E1-40AD-7FCF2FC20EFF}"
EndProject
Project("{FAE04EC0-301F-11D3-BF4B-00C04F79EFBC}") = "Zenject-Editor", "Zenject-Editor.csproj", "{A01977DA-A82A-299A-A262-FFD280E4C5D2}"
EndProject
Project("{FAE04EC0-301F-11D3-BF4B-00C04F79EFBC}") = "Zenject-TestFramework", "Zenject-TestFramework.csproj", "{2E6E6B0C-D56B-064A-6B4D-2868B7E398EC}"
EndProject
Global
	GlobalSection(SolutionConfigurationPlatforms) = preSolution
		Debug|Any CPU = Debug|Any CPU
		Release|Any CPU = Release|Any CPU
	EndGlobalSection
	GlobalSection(ProjectConfigurationPlatforms) = postSolution
		{DA7B0119-4468-D52B-6390-049BDD41E811}.Debug|Any CPU.ActiveCfg = Debug|Any CPU
		{DA7B0119-4468-D52B-6390-049BDD41E811}.Debug|Any CPU.Build.0 = Debug|Any CPU
		{DA7B0119-4468-D52B-6390-049BDD41E811}.Release|Any CPU.ActiveCfg = Release|Any CPU
		{DA7B0119-4468-D52B-6390-049BDD41E811}.Release|Any CPU.Build.0 = Release|Any CPU
		{B3D4C893-3804-57B2-FBE4-91195DC62CB1}.Debug|Any CPU.ActiveCfg = Debug|Any CPU
		{B3D4C893-3804-57B2-FBE4-91195DC62CB1}.Debug|Any CPU.Build.0 = Debug|Any CPU
		{B3D4C893-3804-57B2-FBE4-91195DC62CB1}.Release|Any CPU.ActiveCfg = Release|Any CPU
		{B3D4C893-3804-57B2-FBE4-91195DC62CB1}.Release|Any CPU.Build.0 = Release|Any CPU
		{421323C0-4753-6601-C7DA-41D69BBA7ED7}.Debug|Any CPU.ActiveCfg = Debug|Any CPU
		{421323C0-4753-6601-C7DA-41D69BBA7ED7}.Debug|Any CPU.Build.0 = Debug|Any CPU
		{421323C0-4753-6601-C7DA-41D69BBA7ED7}.Release|Any CPU.ActiveCfg = Release|Any CPU
		{421323C0-4753-6601-C7DA-41D69BBA7ED7}.Release|Any CPU.Build.0 = Release|Any CPU
		{73CB07C0-C39D-3AA5-1B53-7201A524C656}.Debug|Any CPU.ActiveCfg = Debug|Any CPU
		{73CB07C0-C39D-3AA5-1B53-7201A524C656}.Debug|Any CPU.Build.0 = Debug|Any CPU
		{73CB07C0-C39D-3AA5-1B53-7201A524C656}.Release|Any CPU.ActiveCfg = Release|Any CPU
		{73CB07C0-C39D-3AA5-1B53-7201A524C656}.Release|Any CPU.Build.0 = Release|Any CPU
		{822DFDFB-6E24-062F-F706-379918B683BB}.Debug|Any CPU.ActiveCfg = Debug|Any CPU
		{822DFDFB-6E24-062F-F706-379918B683BB}.Debug|Any CPU.Build.0 = Debug|Any CPU
		{822DFDFB-6E24-062F-F706-379918B683BB}.Release|Any CPU.ActiveCfg = Release|Any CPU
		{822DFDFB-6E24-062F-F706-379918B683BB}.Release|Any CPU.Build.0 = Release|Any CPU
		{DC99073F-2C95-D2E1-40AD-7FCF2FC20EFF}.Debug|Any CPU.ActiveCfg = Debug|Any CPU
		{DC99073F-2C95-D2E1-40AD-7FCF2FC20EFF}.Debug|Any CPU.Build.0 = Debug|Any CPU
		{DC99073F-2C95-D2E1-40AD-7FCF2FC20EFF}.Release|Any CPU.ActiveCfg = Release|Any CPU
		{DC99073F-2C95-D2E1-40AD-7FCF2FC20EFF}.Release|Any CPU.Build.0 = Release|Any CPU
		{A01977DA-A82A-299A-A262-FFD280E4C5D2}.Debug|Any CPU.ActiveCfg = Debug|Any CPU
		{A01977DA-A82A-299A-A262-FFD280E4C5D2}.Debug|Any CPU.Build.0 = Debug|Any CPU
		{A01977DA-A82A-299A-A262-FFD280E4C5D2}.Release|Any CPU.ActiveCfg = Release|Any CPU
		{A01977DA-A82A-299A-A262-FFD280E4C5D2}.Release|Any CPU.Build.0 = Release|Any CPU
		{2E6E6B0C-D56B-064A-6B4D-2868B7E398EC}.Debug|Any CPU.ActiveCfg = Debug|Any CPU
		{2E6E6B0C-D56B-064A-6B4D-2868B7E398EC}.Debug|Any CPU.Build.0 = Debug|Any CPU
		{2E6E6B0C-D56B-064A-6B4D-2868B7E398EC}.Release|Any CPU.ActiveCfg = Release|Any CPU
		{2E6E6B0C-D56B-064A-6B4D-2868B7E398EC}.Release|Any CPU.Build.0 = Release|Any CPU
	EndGlobalSection
	GlobalSection(SolutionProperties) = preSolution
		HideSolutionNode = FALSE
	EndGlobalSection
EndGlobal
